
Microsoft Visual Studio Solution File, Format Version 12.00
# Visual Studio 15
VisualStudioVersion = 15.0.27428.2037
MinimumVisualStudioVersion = 10.0.40219.1
Project("{FAE04EC0-301F-11D3-BF4B-00C04F79EFBC}") = "NewSPCA", "NewSPCA\NewSPCA.csproj", "{229BC831-B6D0-432A-B833-D30BD380316E}"
EndProject
Global
	GlobalSection(SolutionConfigurationPlatforms) = preSolution
		Debug|Any CPU = Debug|Any CPU
		Release|Any CPU = Release|Any CPU
	EndGlobalSection
	GlobalSection(ProjectConfigurationPlatforms) = postSolution
		{229BC831-B6D0-432A-B833-D30BD380316E}.Debug|Any CPU.ActiveCfg = Debug|Any CPU
		{229BC831-B6D0-432A-B833-D30BD380316E}.Debug|Any CPU.Build.0 = Debug|Any CPU
		{229BC831-B6D0-432A-B833-D30BD380316E}.Release|Any CPU.ActiveCfg = Release|Any CPU
		{229BC831-B6D0-432A-B833-D30BD380316E}.Release|Any CPU.Build.0 = Release|Any CPU
	EndGlobalSection
	GlobalSection(SolutionProperties) = preSolution
		HideSolutionNode = FALSE
	EndGlobalSection
	GlobalSection(ExtensibilityGlobals) = postSolution
		SolutionGuid = {DF219F54-D4EB-43B1-BF54-D67C591BE627}
	EndGlobalSection
EndGlobal
